
Microsoft Visual Studio Solution File, Format Version 12.00
# Visual Studio 14
VisualStudioVersion = 14.0.25420.1
MinimumVisualStudioVersion = 10.0.40219.1
Project("{8BC9CEB8-8B4A-11D0-8D11-00A0C91BC942}") = "openexrid", "openexrid\openexrid.vcxproj", "{1C804A06-A8C8-4A6C-B3BF-CFFD3C0C2603}"
EndProject
Project("{8BC9CEB8-8B4A-11D0-8D11-00A0C91BC942}") = "test", "test\test.vcxproj", "{F2315ED9-ECC6-4866-B2B0-53D4FF6E042C}"
	ProjectSection(ProjectDependencies) = postProject
		{1C804A06-A8C8-4A6C-B3BF-CFFD3C0C2603} = {1C804A06-A8C8-4A6C-B3BF-CFFD3C0C2603}
	EndProjectSection
EndProject
Project("{8BC9CEB8-8B4A-11D0-8D11-00A0C91BC942}") = "openfx", "openfx\openfx.vcxproj", "{54024FBF-452B-4B64-98D4-F540601292DC}"
EndProject
Project("{8BC9CEB8-8B4A-11D0-8D11-00A0C91BC942}") = "nuke9", "nuke9\nuke9.vcxproj", "{502BFE7B-77B3-4C2F-A8BD-4602D61C5B86}"
EndProject
Project("{8BC9CEB8-8B4A-11D0-8D11-00A0C91BC942}") = "nuke10", "nuke10\nuke10.vcxproj", "{3679261B-E93D-4CA2-A69A-499975520C01}"
EndProject
Project("{8BC9CEB8-8B4A-11D0-8D11-00A0C91BC942}") = "nuke10.5", "nuke10.5\nuke10.5.vcxproj", "{7AB3A1D4-D908-415B-9A0A-BA35543DA197}"
EndProject
Project("{8BC9CEB8-8B4A-11D0-8D11-00A0C91BC942}") = "nuke11", "nuke11\nuke11.vcxproj", "{6C31CC58-63AC-4F84-A0E9-1668F46CBE7C}"
EndProject
Project("{8BC9CEB8-8B4A-11D0-8D11-00A0C91BC942}") = "nuke11.1", "nuke11.1\nuke11.1.vcxproj", "{260BDC4A-ED54-4AEB-B0B5-99357837A8A4}"
EndProject
Project("{8BC9CEB8-8B4A-11D0-8D11-00A0C91BC942}") = "nuke11.2", "nuke11.2\nuke11.2.vcxproj", "{4B5D7663-6990-48BD-B990-31F61C42000C}"
EndProject
Project("{8BC9CEB8-8B4A-11D0-8D11-00A0C91BC942}") = "nuke11.3", "nuke11.3\nuke11.3.vcxproj", "{4531B469-6A2B-484B-9AAF-1FA39BD4F30F}"
EndProject
Global
	GlobalSection(SolutionConfigurationPlatforms) = preSolution
		Debug|x64 = Debug|x64
		Debug|x86 = Debug|x86
		Release|x64 = Release|x64
		Release|x86 = Release|x86
	EndGlobalSection
	GlobalSection(ProjectConfigurationPlatforms) = postSolution
		{1C804A06-A8C8-4A6C-B3BF-CFFD3C0C2603}.Debug|x64.ActiveCfg = Debug|x64
		{1C804A06-A8C8-4A6C-B3BF-CFFD3C0C2603}.Debug|x64.Build.0 = Debug|x64
		{1C804A06-A8C8-4A6C-B3BF-CFFD3C0C2603}.Debug|x86.ActiveCfg = Debug|Win32
		{1C804A06-A8C8-4A6C-B3BF-CFFD3C0C2603}.Debug|x86.Build.0 = Debug|Win32
		{1C804A06-A8C8-4A6C-B3BF-CFFD3C0C2603}.Release|x64.ActiveCfg = Release|x64
		{1C804A06-A8C8-4A6C-B3BF-CFFD3C0C2603}.Release|x64.Build.0 = Release|x64
		{1C804A06-A8C8-4A6C-B3BF-CFFD3C0C2603}.Release|x86.ActiveCfg = Release|Win32
		{1C804A06-A8C8-4A6C-B3BF-CFFD3C0C2603}.Release|x86.Build.0 = Release|Win32
		{F2315ED9-ECC6-4866-B2B0-53D4FF6E042C}.Debug|x64.ActiveCfg = Debug|x64
		{F2315ED9-ECC6-4866-B2B0-53D4FF6E042C}.Debug|x64.Build.0 = Debug|x64
		{F2315ED9-ECC6-4866-B2B0-53D4FF6E042C}.Debug|x86.ActiveCfg = Debug|Win32
		{F2315ED9-ECC6-4866-B2B0-53D4FF6E042C}.Debug|x86.Build.0 = Debug|Win32
		{F2315ED9-ECC6-4866-B2B0-53D4FF6E042C}.Release|x64.ActiveCfg = Release|x64
		{F2315ED9-ECC6-4866-B2B0-53D4FF6E042C}.Release|x64.Build.0 = Release|x64
		{F2315ED9-ECC6-4866-B2B0-53D4FF6E042C}.Release|x86.ActiveCfg = Release|Win32
		{F2315ED9-ECC6-4866-B2B0-53D4FF6E042C}.Release|x86.Build.0 = Release|Win32
		{54024FBF-452B-4B64-98D4-F540601292DC}.Debug|x64.ActiveCfg = Debug|x64
		{54024FBF-452B-4B64-98D4-F540601292DC}.Debug|x64.Build.0 = Debug|x64
		{54024FBF-452B-4B64-98D4-F540601292DC}.Debug|x86.ActiveCfg = Debug|Win32
		{54024FBF-452B-4B64-98D4-F540601292DC}.Debug|x86.Build.0 = Debug|Win32
		{54024FBF-452B-4B64-98D4-F540601292DC}.Release|x64.ActiveCfg = Release|x64
		{54024FBF-452B-4B64-98D4-F540601292DC}.Release|x64.Build.0 = Release|x64
		{54024FBF-452B-4B64-98D4-F540601292DC}.Release|x86.ActiveCfg = Release|Win32
		{54024FBF-452B-4B64-98D4-F540601292DC}.Release|x86.Build.0 = Release|Win32
		{502BFE7B-77B3-4C2F-A8BD-4602D61C5B86}.Debug|x64.ActiveCfg = Debug|x64
		{502BFE7B-77B3-4C2F-A8BD-4602D61C5B86}.Debug|x64.Build.0 = Debug|x64
		{502BFE7B-77B3-4C2F-A8BD-4602D61C5B86}.Debug|x86.ActiveCfg = Debug|Win32
		{502BFE7B-77B3-4C2F-A8BD-4602D61C5B86}.Debug|x86.Build.0 = Debug|Win32
		{502BFE7B-77B3-4C2F-A8BD-4602D61C5B86}.Release|x64.ActiveCfg = Release|x64
		{502BFE7B-77B3-4C2F-A8BD-4602D61C5B86}.Release|x64.Build.0 = Release|x64
		{502BFE7B-77B3-4C2F-A8BD-4602D61C5B86}.Release|x86.ActiveCfg = Release|Win32
		{502BFE7B-77B3-4C2F-A8BD-4602D61C5B86}.Release|x86.Build.0 = Release|Win32
		{3679261B-E93D-4CA2-A69A-499975520C01}.Debug|x64.ActiveCfg = Debug|x64
		{3679261B-E93D-4CA2-A69A-499975520C01}.Debug|x64.Build.0 = Debug|x64
		{3679261B-E93D-4CA2-A69A-499975520C01}.Debug|x86.ActiveCfg = Debug|Win32
		{3679261B-E93D-4CA2-A69A-499975520C01}.Debug|x86.Build.0 = Debug|Win32
		{3679261B-E93D-4CA2-A69A-499975520C01}.Release|x64.ActiveCfg = Release|x64
		{3679261B-E93D-4CA2-A69A-499975520C01}.Release|x64.Build.0 = Release|x64
		{3679261B-E93D-4CA2-A69A-499975520C01}.Release|x86.ActiveCfg = Release|Win32
		{3679261B-E93D-4CA2-A69A-499975520C01}.Release|x86.Build.0 = Release|Win32
		{7AB3A1D4-D908-415B-9A0A-BA35543DA197}.Debug|x64.ActiveCfg = Debug|x64
		{7AB3A1D4-D908-415B-9A0A-BA35543DA197}.Debug|x64.Build.0 = Debug|x64
		{7AB3A1D4-D908-415B-9A0A-BA35543DA197}.Debug|x86.ActiveCfg = Debug|Win32
		{7AB3A1D4-D908-415B-9A0A-BA35543DA197}.Debug|x86.Build.0 = Debug|Win32
		{7AB3A1D4-D908-415B-9A0A-BA35543DA197}.Release|x64.ActiveCfg = Release|x64
		{7AB3A1D4-D908-415B-9A0A-BA35543DA197}.Release|x64.Build.0 = Release|x64
		{7AB3A1D4-D908-415B-9A0A-BA35543DA197}.Release|x86.ActiveCfg = Release|Win32
		{7AB3A1D4-D908-415B-9A0A-BA35543DA197}.Release|x86.Build.0 = Release|Win32
		{6C31CC58-63AC-4F84-A0E9-1668F46CBE7C}.Debug|x64.ActiveCfg = Debug|x64
		{6C31CC58-63AC-4F84-A0E9-1668F46CBE7C}.Debug|x64.Build.0 = Debug|x64
		{6C31CC58-63AC-4F84-A0E9-1668F46CBE7C}.Debug|x86.ActiveCfg = Debug|Win32
		{6C31CC58-63AC-4F84-A0E9-1668F46CBE7C}.Debug|x86.Build.0 = Debug|Win32
		{6C31CC58-63AC-4F84-A0E9-1668F46CBE7C}.Release|x64.ActiveCfg = Release|x64
		{6C31CC58-63AC-4F84-A0E9-1668F46CBE7C}.Release|x64.Build.0 = Release|x64
		{6C31CC58-63AC-4F84-A0E9-1668F46CBE7C}.Release|x86.ActiveCfg = Release|Win32
		{6C31CC58-63AC-4F84-A0E9-1668F46CBE7C}.Release|x86.Build.0 = Release|Win32
		{260BDC4A-ED54-4AEB-B0B5-99357837A8A4}.Debug|x64.ActiveCfg = Debug|x64
		{260BDC4A-ED54-4AEB-B0B5-99357837A8A4}.Debug|x64.Build.0 = Debug|x64
		{260BDC4A-ED54-4AEB-B0B5-99357837A8A4}.Debug|x86.ActiveCfg = Debug|Win32
		{260BDC4A-ED54-4AEB-B0B5-99357837A8A4}.Debug|x86.Build.0 = Debug|Win32
		{260BDC4A-ED54-4AEB-B0B5-99357837A8A4}.Release|x64.ActiveCfg = Release|x64
		{260BDC4A-ED54-4AEB-B0B5-99357837A8A4}.Release|x64.Build.0 = Release|x64
		{260BDC4A-ED54-4AEB-B0B5-99357837A8A4}.Release|x86.ActiveCfg = Release|Win32
		{260BDC4A-ED54-4AEB-B0B5-99357837A8A4}.Release|x86.Build.0 = Release|Win32
		{4B5D7663-6990-48BD-B990-31F61C42000C}.Debug|x64.ActiveCfg = Debug|x64
		{4B5D7663-6990-48BD-B990-31F61C42000C}.Debug|x64.Build.0 = Debug|x64
		{4B5D7663-6990-48BD-B990-31F61C42000C}.Debug|x86.ActiveCfg = Debug|Win32
		{4B5D7663-6990-48BD-B990-31F61C42000C}.Debug|x86.Build.0 = Debug|Win32
		{4B5D7663-6990-48BD-B990-31F61C42000C}.Release|x64.ActiveCfg = Release|x64
		{4B5D7663-6990-48BD-B990-31F61C42000C}.Release|x64.Build.0 = Release|x64
		{4B5D7663-6990-48BD-B990-31F61C42000C}.Release|x86.ActiveCfg = Release|Win32
		{4B5D7663-6990-48BD-B990-31F61C42000C}.Release|x86.Build.0 = Release|Win32
		{4531B469-6A2B-484B-9AAF-1FA39BD4F30F}.Debug|x64.ActiveCfg = Debug|x64
		{4531B469-6A2B-484B-9AAF-1FA39BD4F30F}.Debug|x64.Build.0 = Debug|x64
		{4531B469-6A2B-484B-9AAF-1FA39BD4F30F}.Debug|x86.ActiveCfg = Debug|Win32
		{4531B469-6A2B-484B-9AAF-1FA39BD4F30F}.Debug|x86.Build.0 = Debug|Win32
		{4531B469-6A2B-484B-9AAF-1FA39BD4F30F}.Release|x64.ActiveCfg = Release|x64
		{4531B469-6A2B-484B-9AAF-1FA39BD4F30F}.Release|x64.Build.0 = Release|x64
		{4531B469-6A2B-484B-9AAF-1FA39BD4F30F}.Release|x86.ActiveCfg = Release|Win32
		{4531B469-6A2B-484B-9AAF-1FA39BD4F30F}.Release|x86.Build.0 = Release|Win32
	EndGlobalSection
	GlobalSection(SolutionProperties) = preSolution
		HideSolutionNode = FALSE
	EndGlobalSection
EndGlobal
