
Microsoft Visual Studio Solution File, Format Version 12.00
# Visual Studio 14
VisualStudioVersion = 14.0.23107.0
MinimumVisualStudioVersion = 10.0.40219.1
Project("{8BC9CEB8-8B4A-11D0-8D11-00A0C91BC942}") = "openidmask", "openidmask\openidmask.vcxproj", "{1C804A06-A8C8-4A6C-B3BF-CFFD3C0C2603}"
EndProject
Project("{8BC9CEB8-8B4A-11D0-8D11-00A0C91BC942}") = "test", "test\test.vcxproj", "{F2315ED9-ECC6-4866-B2B0-53D4FF6E042C}"
	ProjectSection(ProjectDependencies) = postProject
		{1C804A06-A8C8-4A6C-B3BF-CFFD3C0C2603} = {1C804A06-A8C8-4A6C-B3BF-CFFD3C0C2603}
	EndProjectSection
EndProject
Project("{8BC9CEB8-8B4A-11D0-8D11-00A0C91BC942}") = "openfx", "openfx\openfx.vcxproj", "{54024FBF-452B-4B64-98D4-F540601292DC}"
EndProject
Global
	GlobalSection(SolutionConfigurationPlatforms) = preSolution
		Debug|x64 = Debug|x64
		Debug|x86 = Debug|x86
		Release|x64 = Release|x64
		Release|x86 = Release|x86
	EndGlobalSection
	GlobalSection(ProjectConfigurationPlatforms) = postSolution
		{1C804A06-A8C8-4A6C-B3BF-CFFD3C0C2603}.Debug|x64.ActiveCfg = Debug|x64
		{1C804A06-A8C8-4A6C-B3BF-CFFD3C0C2603}.Debug|x64.Build.0 = Debug|x64
		{1C804A06-A8C8-4A6C-B3BF-CFFD3C0C2603}.Debug|x86.ActiveCfg = Debug|Win32
		{1C804A06-A8C8-4A6C-B3BF-CFFD3C0C2603}.Debug|x86.Build.0 = Debug|Win32
		{1C804A06-A8C8-4A6C-B3BF-CFFD3C0C2603}.Release|x64.ActiveCfg = Release|x64
		{1C804A06-A8C8-4A6C-B3BF-CFFD3C0C2603}.Release|x64.Build.0 = Release|x64
		{1C804A06-A8C8-4A6C-B3BF-CFFD3C0C2603}.Release|x86.ActiveCfg = Release|Win32
		{1C804A06-A8C8-4A6C-B3BF-CFFD3C0C2603}.Release|x86.Build.0 = Release|Win32
		{F2315ED9-ECC6-4866-B2B0-53D4FF6E042C}.Debug|x64.ActiveCfg = Debug|x64
		{F2315ED9-ECC6-4866-B2B0-53D4FF6E042C}.Debug|x64.Build.0 = Debug|x64
		{F2315ED9-ECC6-4866-B2B0-53D4FF6E042C}.Debug|x86.ActiveCfg = Debug|Win32
		{F2315ED9-ECC6-4866-B2B0-53D4FF6E042C}.Debug|x86.Build.0 = Debug|Win32
		{F2315ED9-ECC6-4866-B2B0-53D4FF6E042C}.Release|x64.ActiveCfg = Release|x64
		{F2315ED9-ECC6-4866-B2B0-53D4FF6E042C}.Release|x64.Build.0 = Release|x64
		{F2315ED9-ECC6-4866-B2B0-53D4FF6E042C}.Release|x86.ActiveCfg = Release|Win32
		{F2315ED9-ECC6-4866-B2B0-53D4FF6E042C}.Release|x86.Build.0 = Release|Win32
		{54024FBF-452B-4B64-98D4-F540601292DC}.Debug|x64.ActiveCfg = Debug|x64
		{54024FBF-452B-4B64-98D4-F540601292DC}.Debug|x64.Build.0 = Debug|x64
		{54024FBF-452B-4B64-98D4-F540601292DC}.Debug|x86.ActiveCfg = Debug|Win32
		{54024FBF-452B-4B64-98D4-F540601292DC}.Debug|x86.Build.0 = Debug|Win32
		{54024FBF-452B-4B64-98D4-F540601292DC}.Release|x64.ActiveCfg = Release|x64
		{54024FBF-452B-4B64-98D4-F540601292DC}.Release|x64.Build.0 = Release|x64
		{54024FBF-452B-4B64-98D4-F540601292DC}.Release|x86.ActiveCfg = Release|Win32
		{54024FBF-452B-4B64-98D4-F540601292DC}.Release|x86.Build.0 = Release|Win32
	EndGlobalSection
	GlobalSection(SolutionProperties) = preSolution
		HideSolutionNode = FALSE
	EndGlobalSection
EndGlobal
